
Microsoft Visual Studio Solution File, Format Version 12.00
# Visual Studio Version 16
VisualStudioVersion = 16.0.31205.134
MinimumVisualStudioVersion = 10.0.40219.1
Project("{FAE04EC0-301F-11D3-BF4B-00C04F79EFBC}") = "HelloWorld", "HelloWorld\HelloWorld.csproj", "{739F4707-1363-454F-B79B-3CDCD976804D}"
EndProject
Global
	GlobalSection(SolutionConfigurationPlatforms) = preSolution
		Debug|Any CPU = Debug|Any CPU
		Release|Any CPU = Release|Any CPU
	EndGlobalSection
	GlobalSection(ProjectConfigurationPlatforms) = postSolution
		{739F4707-1363-454F-B79B-3CDCD976804D}.Debug|Any CPU.ActiveCfg = Debug|Any CPU
		{739F4707-1363-454F-B79B-3CDCD976804D}.Debug|Any CPU.Build.0 = Debug|Any CPU
		{739F4707-1363-454F-B79B-3CDCD976804D}.Release|Any CPU.ActiveCfg = Release|Any CPU
		{739F4707-1363-454F-B79B-3CDCD976804D}.Release|Any CPU.Build.0 = Release|Any CPU
	EndGlobalSection
	GlobalSection(SolutionProperties) = preSolution
		HideSolutionNode = FALSE
	EndGlobalSection
	GlobalSection(ExtensibilityGlobals) = postSolution
		SolutionGuid = {FD3D0F23-40C8-41BC-88A7-9B69260B40C9}
	EndGlobalSection
EndGlobal
